// !$*UTF8*$!
{
	archiveVersion = 1;
	classes = {
	};
	objectVersion = 56;
	objects = {

/* Begin PBXBuildFile section */
		FC8D27E82B858B4700BD98BA /* roster.cpp in Sources */ = {isa = PBXBuildFile; fileRef = FC8D27E72B858B4700BD98BA /* roster.cpp */; };
		FC8D27EE2B858B6E00BD98BA /* main.cpp in Sources */ = {isa = PBXBuildFile; fileRef = FC8D27EB2B858B6D00BD98BA /* main.cpp */; };
		FC8D27EF2B858B6E00BD98BA /* student.cpp in Sources */ = {isa = PBXBuildFile; fileRef = FC8D27ED2B858B6E00BD98BA /* student.cpp */; };
/* End PBXBuildFile section */

/* Begin PBXCopyFilesBuildPhase section */
		FC8D27DB2B858B2000BD98BA /* CopyFiles */ = {
			isa = PBXCopyFilesBuildPhase;
			buildActionMask = 2147483647;
			dstPath = /usr/share/man/man1/;
			dstSubfolderSpec = 0;
			files = (
			);
			runOnlyForDeploymentPostprocessing = 1;
		};
/* End PBXCopyFilesBuildPhase section */

/* Begin PBXFileReference section */
		FC8D27DD2B858B2000BD98BA /* Scripting Programming C867 */ = {isa = PBXFileReference; explicitFileType = "compiled.mach-o.executable"; includeInIndex = 0; path = "Scripting Programming C867"; sourceTree = BUILT_PRODUCTS_DIR; };
		FC8D27E72B858B4700BD98BA /* roster.cpp */ = {isa = PBXFileReference; fileEncoding = 4; lastKnownFileType = sourcecode.cpp.cpp; name = roster.cpp; path = "../../WGU C867 PROJ/WGU C867 PROJ/roster.cpp"; sourceTree = "<group>"; };
		FC8D27E92B858B6D00BD98BA /* degree.h */ = {isa = PBXFileReference; fileEncoding = 4; lastKnownFileType = sourcecode.c.h; name = degree.h; path = "../../WGU C867 PROJ/WGU C867 PROJ/degree.h"; sourceTree = "<group>"; };
		FC8D27EA2B858B6D00BD98BA /* roster.h */ = {isa = PBXFileReference; fileEncoding = 4; lastKnownFileType = sourcecode.c.h; name = roster.h; path = "../../WGU C867 PROJ/WGU C867 PROJ/roster.h"; sourceTree = "<group>"; };
		FC8D27EB2B858B6D00BD98BA /* main.cpp */ = {isa = PBXFileReference; fileEncoding = 4; lastKnownFileType = sourcecode.cpp.cpp; name = main.cpp; path = "../../WGU C867 PROJ/WGU C867 PROJ/main.cpp"; sourceTree = "<group>"; };
		FC8D27EC2B858B6D00BD98BA /* student.h */ = {isa = PBXFileReference; fileEncoding = 4; lastKnownFileType = sourcecode.c.h; name = student.h; path = "../../WGU C867 PROJ/WGU C867 PROJ/student.h"; sourceTree = "<group>"; };
		FC8D27ED2B858B6E00BD98BA /* student.cpp */ = {isa = PBXFileReference; fileEncoding = 4; lastKnownFileType = sourcecode.cpp.cpp; name = student.cpp; path = "../../WGU C867 PROJ/WGU C867 PROJ/student.cpp"; sourceTree = "<group>"; };
/* End PBXFileReference section */

/* Begin PBXFrameworksBuildPhase section */
		FC8D27DA2B858B2000BD98BA /* Frameworks */ = {
			isa = PBXFrameworksBuildPhase;
			buildActionMask = 2147483647;
			files = (
			);
			runOnlyForDeploymentPostprocessing = 0;
		};
/* End PBXFrameworksBuildPhase section */

/* Begin PBXGroup section */
		FC8D27D42B858B2000BD98BA = {
			isa = PBXGroup;
			children = (
				FC8D27DF2B858B2000BD98BA /* Scripting Programming C867 */,
				FC8D27DE2B858B2000BD98BA /* Products */,
			);
			sourceTree = "<group>";
		};
		FC8D27DE2B858B2000BD98BA /* Products */ = {
			isa = PBXGroup;
			children = (
				FC8D27DD2B858B2000BD98BA /* Scripting Programming C867 */,
			);
			name = Products;
			sourceTree = "<group>";
		};
		FC8D27DF2B858B2000BD98BA /* Scripting Programming C867 */ = {
			isa = PBXGroup;
			children = (
				FC8D27E92B858B6D00BD98BA /* degree.h */,
				FC8D27EC2B858B6D00BD98BA /* student.h */,
				FC8D27ED2B858B6E00BD98BA /* student.cpp */,
				FC8D27EA2B858B6D00BD98BA /* roster.h */,
				FC8D27E72B858B4700BD98BA /* roster.cpp */,
				FC8D27EB2B858B6D00BD98BA /* main.cpp */,
			);
			path = "Scripting Programming C867";
			sourceTree = "<group>";
		};
/* End PBXGroup section */

/* Begin PBXNativeTarget section */
		FC8D27DC2B858B2000BD98BA /* Scripting Programming C867 */ = {
			isa = PBXNativeTarget;
			buildConfigurationList = FC8D27E42B858B2000BD98BA /* Build configuration list for PBXNativeTarget "Scripting Programming C867" */;
			buildPhases = (
				FC8D27D92B858B2000BD98BA /* Sources */,
				FC8D27DA2B858B2000BD98BA /* Frameworks */,
				FC8D27DB2B858B2000BD98BA /* CopyFiles */,
			);
			buildRules = (
			);
			dependencies = (
			);
			name = "Scripting Programming C867";
			productName = "Scripting Programming C867";
			productReference = FC8D27DD2B858B2000BD98BA /* Scripting Programming C867 */;
			productType = "com.apple.product-type.tool";
		};
/* End PBXNativeTarget section */

/* Begin PBXProject section */
		FC8D27D52B858B2000BD98BA /* Project object */ = {
			isa = PBXProject;
			attributes = {
				BuildIndependentTargetsInParallel = 1;
				LastUpgradeCheck = 1520;
				TargetAttributes = {
					FC8D27DC2B858B2000BD98BA = {
						CreatedOnToolsVersion = 15.2;
					};
				};
			};
			buildConfigurationList = FC8D27D82B858B2000BD98BA /* Build configuration list for PBXProject "Scripting Programming C867" */;
			compatibilityVersion = "Xcode 14.0";
			developmentRegion = en;
			hasScannedForEncodings = 0;
			knownRegions = (
				en,
				Base,
			);
			mainGroup = FC8D27D42B858B2000BD98BA;
			productRefGroup = FC8D27DE2B858B2000BD98BA /* Products */;
			projectDirPath = "";
			projectRoot = "";
			targets = (
				FC8D27DC2B858B2000BD98BA /* Scripting Programming C867 */,
			);
		};
/* End PBXProject section */

/* Begin PBXSourcesBuildPhase section */
		FC8D27D92B858B2000BD98BA /* Sources */ = {
			isa = PBXSourcesBuildPhase;
			buildActionMask = 2147483647;
			files = (
				FC8D27E82B858B4700BD98BA /* roster.cpp in Sources */,
				FC8D27EE2B858B6E00BD98BA /* main.cpp in Sources */,
				FC8D27EF2B858B6E00BD98BA /* student.cpp in Sources */,
			);
			runOnlyForDeploymentPostprocessing = 0;
		};
/* End PBXSourcesBuildPhase section */

/* Begin XCBuildConfiguration section */
		FC8D27E22B858B2000BD98BA /* Debug */ = {
			isa = XCBuildConfiguration;
			buildSettings = {
				ALWAYS_SEARCH_USER_PATHS = NO;
				ASSETCATALOG_COMPILER_GENERATE_SWIFT_ASSET_SYMBOL_EXTENSIONS = YES;
				CLANG_ANALYZER_NONNULL = YES;
				CLANG_ANALYZER_NUMBER_OBJECT_CONVERSION = YES_AGGRESSIVE;
				CLANG_CXX_LANGUAGE_STANDARD = "gnu++20";
				CLANG_ENABLE_MODULES = YES;
				CLANG_ENABLE_OBJC_ARC = YES;
				CLANG_ENABLE_OBJC_WEAK = YES;
				CLANG_WARN_BLOCK_CAPTURE_AUTORELEASING = YES;
				CLANG_WARN_BOOL_CONVERSION = YES;
				CLANG_WARN_COMMA = YES;
				CLANG_WARN_CONSTANT_CONVERSION = YES;
				CLANG_WARN_DEPRECATED_OBJC_IMPLEMENTATIONS = YES;
				CLANG_WARN_DIRECT_OBJC_ISA_USAGE = YES_ERROR;
				CLANG_WARN_DOCUMENTATION_COMMENTS = YES;
				CLANG_WARN_EMPTY_BODY = YES;
				CLANG_WARN_ENUM_CONVERSION = YES;
				CLANG_WARN_INFINITE_RECURSION = YES;
				CLANG_WARN_INT_CONVERSION = YES;
				CLANG_WARN_NON_LITERAL_NULL_CONVERSION = YES;
				CLANG_WARN_OBJC_IMPLICIT_RETAIN_SELF = YES;
				CLANG_WARN_OBJC_LITERAL_CONVERSION = YES;
				CLANG_WARN_OBJC_ROOT_CLASS = YES_ERROR;
				CLANG_WARN_QUOTED_INCLUDE_IN_FRAMEWORK_HEADER = YES;
				CLANG_WARN_RANGE_LOOP_ANALYSIS = YES;
				CLANG_WARN_STRICT_PROTOTYPES = YES;
				CLANG_WARN_SUSPICIOUS_MOVE = YES;
				CLANG_WARN_UNGUARDED_AVAILABILITY = YES_AGGRESSIVE;
				CLANG_WARN_UNREACHABLE_CODE = YES;
				CLANG_WARN__DUPLICATE_METHOD_MATCH = YES;
				COPY_PHASE_STRIP = NO;
				DEBUG_INFORMATION_FORMAT = dwarf;
				ENABLE_STRICT_OBJC_MSGSEND = YES;
				ENABLE_TESTABILITY = YES;
				ENABLE_USER_SCRIPT_SANDBOXING = YES;
				GCC_C_LANGUAGE_STANDARD = gnu17;
				GCC_DYNAMIC_NO_PIC = NO;
				GCC_NO_COMMON_BLOCKS = YES;
				GCC_OPTIMIZATION_LEVEL = 0;
				GCC_PREPROCESSOR_DEFINITIONS = (
					"DEBUG=1",
					"$(inherited)",
				);
				GCC_WARN_64_TO_32_BIT_CONVERSION = YES;
				GCC_WARN_ABOUT_RETURN_TYPE = YES_ERROR;
				GCC_WARN_UNDECLARED_SELECTOR = YES;
				GCC_WARN_UNINITIALIZED_AUTOS = YES_AGGRESSIVE;
				GCC_WARN_UNUSED_FUNCTION = YES;
				GCC_WARN_UNUSED_VARIABLE = YES;
				LOCALIZATION_PREFERS_STRING_CATALOGS = YES;
				MACOSX_DEPLOYMENT_TARGET = 14.0;
				MTL_ENABLE_DEBUG_INFO = INCLUDE_SOURCE;
				MTL_FAST_MATH = YES;
				ONLY_ACTIVE_ARCH = YES;
				SDKROOT = macosx;
			};
			name = Debug;
		};
		FC8D27E32B858B2000BD98BA /* Release */ = {
			isa = XCBuildConfiguration;
			buildSettings = {
				ALWAYS_SEARCH_USER_PATHS = NO;
				ASSETCATALOG_COMPILER_GENERATE_SWIFT_ASSET_SYMBOL_EXTENSIONS = YES;
				CLANG_ANALYZER_NONNULL = YES;
				CLANG_ANALYZER_NUMBER_OBJECT_CONVERSION = YES_AGGRESSIVE;
				CLANG_CXX_LANGUAGE_STANDARD = "gnu++20";
				CLANG_ENABLE_MODULES = YES;
				CLANG_ENABLE_OBJC_ARC = YES;
				CLANG_ENABLE_OBJC_WEAK = YES;
				CLANG_WARN_BLOCK_CAPTURE_AUTORELEASING = YES;
				CLANG_WARN_BOOL_CONVERSION = YES;
				CLANG_WARN_COMMA = YES;
				CLANG_WARN_CONSTANT_CONVERSION = YES;
				CLANG_WARN_DEPRECATED_OBJC_IMPLEMENTATIONS = YES;
				CLANG_WARN_DIRECT_OBJC_ISA_USAGE = YES_ERROR;
				CLANG_WARN_DOCUMENTATION_COMMENTS = YES;
				CLANG_WARN_EMPTY_BODY = YES;
				CLANG_WARN_ENUM_CONVERSION = YES;
				CLANG_WARN_INFINITE_RECURSION = YES;
				CLANG_WARN_INT_CONVERSION = YES;
				CLANG_WARN_NON_LITERAL_NULL_CONVERSION = YES;
				CLANG_WARN_OBJC_IMPLICIT_RETAIN_SELF = YES;
				CLANG_WARN_OBJC_LITERAL_CONVERSION = YES;
				CLANG_WARN_OBJC_ROOT_CLASS = YES_ERROR;
				CLANG_WARN_QUOTED_INCLUDE_IN_FRAMEWORK_HEADER = YES;
				CLANG_WARN_RANGE_LOOP_ANALYSIS = YES;
				CLANG_WARN_STRICT_PROTOTYPES = YES;
				CLANG_WARN_SUSPICIOUS_MOVE = YES;
				CLANG_WARN_UNGUARDED_AVAILABILITY = YES_AGGRESSIVE;
				CLANG_WARN_UNREACHABLE_CODE = YES;
				CLANG_WARN__DUPLICATE_METHOD_MATCH = YES;
				COPY_PHASE_STRIP = NO;
				DEBUG_INFORMATION_FORMAT = "dwarf-with-dsym";
				ENABLE_NS_ASSERTIONS = NO;
				ENABLE_STRICT_OBJC_MSGSEND = YES;
				ENABLE_USER_SCRIPT_SANDBOXING = YES;
				GCC_C_LANGUAGE_STANDARD = gnu17;
				GCC_NO_COMMON_BLOCKS = YES;
				GCC_WARN_64_TO_32_BIT_CONVERSION = YES;
				GCC_WARN_ABOUT_RETURN_TYPE = YES_ERROR;
				GCC_WARN_UNDECLARED_SELECTOR = YES;
				GCC_WARN_UNINITIALIZED_AUTOS = YES_AGGRESSIVE;
				GCC_WARN_UNUSED_FUNCTION = YES;
				GCC_WARN_UNUSED_VARIABLE = YES;
				LOCALIZATION_PREFERS_STRING_CATALOGS = YES;
				MACOSX_DEPLOYMENT_TARGET = 14.0;
				MTL_ENABLE_DEBUG_INFO = NO;
				MTL_FAST_MATH = YES;
				SDKROOT = macosx;
			};
			name = Release;
		};
		FC8D27E52B858B2000BD98BA /* Debug */ = {
			isa = XCBuildConfiguration;
			buildSettings = {
				CODE_SIGN_STYLE = Automatic;
				PRODUCT_NAME = "$(TARGET_NAME)";
			};
			name = Debug;
		};
		FC8D27E62B858B2000BD98BA /* Release */ = {
			isa = XCBuildConfiguration;
			buildSettings = {
				CODE_SIGN_STYLE = Automatic;
				PRODUCT_NAME = "$(TARGET_NAME)";
			};
			name = Release;
		};
/* End XCBuildConfiguration section */

/* Begin XCConfigurationList section */
		FC8D27D82B858B2000BD98BA /* Build configuration list for PBXProject "Scripting Programming C867" */ = {
			isa = XCConfigurationList;
			buildConfigurations = (
				FC8D27E22B858B2000BD98BA /* Debug */,
				FC8D27E32B858B2000BD98BA /* Release */,
			);
			defaultConfigurationIsVisible = 0;
			defaultConfigurationName = Release;
		};
		FC8D27E42B858B2000BD98BA /* Build configuration list for PBXNativeTarget "Scripting Programming C867" */ = {
			isa = XCConfigurationList;
			buildConfigurations = (
				FC8D27E52B858B2000BD98BA /* Debug */,
				FC8D27E62B858B2000BD98BA /* Release */,
			);
			defaultConfigurationIsVisible = 0;
			defaultConfigurationName = Release;
		};
/* End XCConfigurationList section */
	};
	rootObject = FC8D27D52B858B2000BD98BA /* Project object */;
}
